{
  "originHash" : "cc00076a88f6aeb2763c7e71aa5d9f0357ec0c1eaa6dbcc092b0c7b1bbf7a15e",
  "pins" : [
    {
      "identity" : "fluidaudio",
      "kind" : "remoteSourceControl",
      "location" : "https://github.com/FluidInference/FluidAudio.git",
      "state" : {
        "revision" : "5c51c5c93afff0d89594a2a93c3103e790ba648c",
        "version" : "0.17.1"
      }
    },
    {
      "identity" : "yams",
      "kind" : "remoteSourceControl",
      "location" : "https://github.com/jpsim/Yams.git",
      "state" : {
        "revision" : "3d6871d5b4a5cd519adf233fbb576e0a2af71c17",
        "version" : "5.4.0"
      }
    }
  ],
  "version" : 3
}
